<?xml version="1.0" encoding="UTF-8"?>
<CodeBlocks_project_file>
	<FileVersion major="1" minor="6"/>
	<Project>
		<Option title="GLFW"/>
		<Option makefile_is_custom="1"/>
		<Option compiler="gcc"/>
		<Option virtualFolders="CMake Files\;CMake Files\lib\;CMake Files\lib\glfw\;CMake Files\lib\glfw\src\;CMake Files\lib\glew\;CMake Files\lib\lodePNG\;"/>
		<Build>
			<Target title="all">
				<Option working_dir="C:/Git/CG-HS18/assignment_8/cmake-build-debug/lib/glfw"/>
				<Option type="4"/>
				<MakeCommands>
					<Build command="C:/TDM-GCC-64/bin/mingw32-make.exe -f &quot;C:/Git/CG-HS18/assignment_8/cmake-build-debug/lib/glfw/Makefile&quot;  VERBOSE=1 all"/>
					<CompileFile command="C:/TDM-GCC-64/bin/mingw32-make.exe -f &quot;C:/Git/CG-HS18/assignment_8/cmake-build-debug/lib/glfw/Makefile&quot;  VERBOSE=1 &quot;$file&quot;"/>
					<Clean command="C:/TDM-GCC-64/bin/mingw32-make.exe -f &quot;C:/Git/CG-HS18/assignment_8/cmake-build-debug/lib/glfw/Makefile&quot;  VERBOSE=1 clean"/>
					<DistClean command="C:/TDM-GCC-64/bin/mingw32-make.exe -f &quot;C:/Git/CG-HS18/assignment_8/cmake-build-debug/lib/glfw/Makefile&quot;  VERBOSE=1 clean"/>
				</MakeCommands>
			</Target>
			<Target title="glfw">
				<Option output="C:/Git/CG-HS18/assignment_8/cmake-build-debug/glfw3.dll" prefix_auto="0" extension_auto="0"/>
				<Option working_dir="C:/Git/CG-HS18/assignment_8/cmake-build-debug/lib/glfw/src"/>
				<Option object_output="./"/>
				<Option type="3"/>
				<Option compiler="gcc"/>
				<Compiler>
					<Add option="-DUNICODE"/>
					<Add option="-DWINVER=0x0501"/>
					<Add option="-D_GLFW_USE_CONFIG_H"/>
					<Add directory="C:/Git/CG-HS18/assignment_8/lib/glfw/include"/>
					<Add directory="C:/Git/CG-HS18/assignment_8/lib/glfw/src"/>
					<Add directory="C:/Git/CG-HS18/assignment_8/cmake-build-debug/lib/glfw/src"/>
					<Add directory="c:\mingw\bin\../lib/gcc/mingw32/6.3.0/include/c++"/>
					<Add directory="c:\mingw\bin\../lib/gcc/mingw32/6.3.0/include/c++/mingw32"/>
					<Add directory="c:\mingw\bin\../lib/gcc/mingw32/6.3.0/include/c++/backward"/>
					<Add directory="c:\mingw\bin\../lib/gcc/mingw32/6.3.0/include"/>
					<Add directory="c:\mingw\bin\../lib/gcc/mingw32/6.3.0/../../../../include"/>
					<Add directory="c:\mingw\bin\../lib/gcc/mingw32/6.3.0/include-fixed"/>
				</Compiler>
				<MakeCommands>
					<Build command="C:/TDM-GCC-64/bin/mingw32-make.exe -f &quot;C:/Git/CG-HS18/assignment_8/cmake-build-debug/lib/glfw/src/Makefile&quot;  VERBOSE=1 glfw"/>
					<CompileFile command="C:/TDM-GCC-64/bin/mingw32-make.exe -f &quot;C:/Git/CG-HS18/assignment_8/cmake-build-debug/lib/glfw/src/Makefile&quot;  VERBOSE=1 &quot;$file&quot;"/>
					<Clean command="C:/TDM-GCC-64/bin/mingw32-make.exe -f &quot;C:/Git/CG-HS18/assignment_8/cmake-build-debug/lib/glfw/src/Makefile&quot;  VERBOSE=1 clean"/>
					<DistClean command="C:/TDM-GCC-64/bin/mingw32-make.exe -f &quot;C:/Git/CG-HS18/assignment_8/cmake-build-debug/lib/glfw/src/Makefile&quot;  VERBOSE=1 clean"/>
				</MakeCommands>
			</Target>
			<Target title="glfw/fast">
				<Option output="C:/Git/CG-HS18/assignment_8/cmake-build-debug/glfw3.dll" prefix_auto="0" extension_auto="0"/>
				<Option working_dir="C:/Git/CG-HS18/assignment_8/cmake-build-debug/lib/glfw/src"/>
				<Option object_output="./"/>
				<Option type="3"/>
				<Option compiler="gcc"/>
				<Compiler>
					<Add option="-DUNICODE"/>
					<Add option="-DWINVER=0x0501"/>
					<Add option="-D_GLFW_USE_CONFIG_H"/>
					<Add directory="C:/Git/CG-HS18/assignment_8/lib/glfw/include"/>
					<Add directory="C:/Git/CG-HS18/assignment_8/lib/glfw/src"/>
					<Add directory="C:/Git/CG-HS18/assignment_8/cmake-build-debug/lib/glfw/src"/>
					<Add directory="c:\mingw\bin\../lib/gcc/mingw32/6.3.0/include/c++"/>
					<Add directory="c:\mingw\bin\../lib/gcc/mingw32/6.3.0/include/c++/mingw32"/>
					<Add directory="c:\mingw\bin\../lib/gcc/mingw32/6.3.0/include/c++/backward"/>
					<Add directory="c:\mingw\bin\../lib/gcc/mingw32/6.3.0/include"/>
					<Add directory="c:\mingw\bin\../lib/gcc/mingw32/6.3.0/../../../../include"/>
					<Add directory="c:\mingw\bin\../lib/gcc/mingw32/6.3.0/include-fixed"/>
				</Compiler>
				<MakeCommands>
					<Build command="C:/TDM-GCC-64/bin/mingw32-make.exe -f &quot;C:/Git/CG-HS18/assignment_8/cmake-build-debug/lib/glfw/src/Makefile&quot;  VERBOSE=1 glfw/fast"/>
					<CompileFile command="C:/TDM-GCC-64/bin/mingw32-make.exe -f &quot;C:/Git/CG-HS18/assignment_8/cmake-build-debug/lib/glfw/src/Makefile&quot;  VERBOSE=1 &quot;$file&quot;"/>
					<Clean command="C:/TDM-GCC-64/bin/mingw32-make.exe -f &quot;C:/Git/CG-HS18/assignment_8/cmake-build-debug/lib/glfw/src/Makefile&quot;  VERBOSE=1 clean"/>
					<DistClean command="C:/TDM-GCC-64/bin/mingw32-make.exe -f &quot;C:/Git/CG-HS18/assignment_8/cmake-build-debug/lib/glfw/src/Makefile&quot;  VERBOSE=1 clean"/>
				</MakeCommands>
			</Target>
		</Build>
		<Unit filename="C:/Git/CG-HS18/assignment_8/cmake-build-debug/lib/glfw/src/glfw_config.h">
			<Option target="glfw"/>
		</Unit>
		<Unit filename="C:/Git/CG-HS18/assignment_8/lib/glfw/include/GLFW/glfw3.h">
			<Option target="glfw"/>
		</Unit>
		<Unit filename="C:/Git/CG-HS18/assignment_8/lib/glfw/include/GLFW/glfw3native.h">
			<Option target="glfw"/>
		</Unit>
		<Unit filename="C:/Git/CG-HS18/assignment_8/lib/glfw/src/context.c">
			<Option target="glfw"/>
		</Unit>
		<Unit filename="C:/Git/CG-HS18/assignment_8/lib/glfw/src/init.c">
			<Option target="glfw"/>
		</Unit>
		<Unit filename="C:/Git/CG-HS18/assignment_8/lib/glfw/src/input.c">
			<Option target="glfw"/>
		</Unit>
		<Unit filename="C:/Git/CG-HS18/assignment_8/lib/glfw/src/internal.h">
			<Option target="glfw"/>
		</Unit>
		<Unit filename="C:/Git/CG-HS18/assignment_8/lib/glfw/src/monitor.c">
			<Option target="glfw"/>
		</Unit>
		<Unit filename="C:/Git/CG-HS18/assignment_8/lib/glfw/src/wgl_context.c">
			<Option target="glfw"/>
		</Unit>
		<Unit filename="C:/Git/CG-HS18/assignment_8/lib/glfw/src/wgl_context.h">
			<Option target="glfw"/>
		</Unit>
		<Unit filename="C:/Git/CG-HS18/assignment_8/lib/glfw/src/win32_init.c">
			<Option target="glfw"/>
		</Unit>
		<Unit filename="C:/Git/CG-HS18/assignment_8/lib/glfw/src/win32_monitor.c">
			<Option target="glfw"/>
		</Unit>
		<Unit filename="C:/Git/CG-HS18/assignment_8/lib/glfw/src/win32_platform.h">
			<Option target="glfw"/>
		</Unit>
		<Unit filename="C:/Git/CG-HS18/assignment_8/lib/glfw/src/win32_time.c">
			<Option target="glfw"/>
		</Unit>
		<Unit filename="C:/Git/CG-HS18/assignment_8/lib/glfw/src/win32_tls.c">
			<Option target="glfw"/>
		</Unit>
		<Unit filename="C:/Git/CG-HS18/assignment_8/lib/glfw/src/win32_tls.h">
			<Option target="glfw"/>
		</Unit>
		<Unit filename="C:/Git/CG-HS18/assignment_8/lib/glfw/src/win32_window.c">
			<Option target="glfw"/>
		</Unit>
		<Unit filename="C:/Git/CG-HS18/assignment_8/lib/glfw/src/window.c">
			<Option target="glfw"/>
		</Unit>
		<Unit filename="C:/Git/CG-HS18/assignment_8/lib/glfw/src/winmm_joystick.c">
			<Option target="glfw"/>
		</Unit>
		<Unit filename="C:/Git/CG-HS18/assignment_8/lib/glfw/src/winmm_joystick.h">
			<Option target="glfw"/>
		</Unit>
		<Unit filename="C:/Git/CG-HS18/assignment_8/CMakeLists.txt">
			<Option virtualFolder="CMake Files\"/>
		</Unit>
		<Unit filename="C:/Git/CG-HS18/assignment_8/lib/glfw/CMakeLists.txt">
			<Option virtualFolder="CMake Files\lib\glfw\"/>
		</Unit>
		<Unit filename="C:/Git/CG-HS18/assignment_8/lib/glfw/src/CMakeLists.txt">
			<Option virtualFolder="CMake Files\lib\glfw\src\"/>
		</Unit>
		<Unit filename="C:/Git/CG-HS18/assignment_8/lib/glfw/src/glfw3.pc.in">
			<Option virtualFolder="CMake Files\lib\glfw\src\"/>
		</Unit>
		<Unit filename="C:/Git/CG-HS18/assignment_8/lib/glfw/src/glfw3Config.cmake.in">
			<Option virtualFolder="CMake Files\lib\glfw\src\"/>
		</Unit>
		<Unit filename="C:/Git/CG-HS18/assignment_8/lib/glfw/src/glfw_config.h.in">
			<Option virtualFolder="CMake Files\lib\glfw\src\"/>
		</Unit>
		<Unit filename="C:/Git/CG-HS18/assignment_8/lib/glew/CMakeLists.txt">
			<Option virtualFolder="CMake Files\lib\glew\"/>
		</Unit>
		<Unit filename="C:/Git/CG-HS18/assignment_8/lib/lodePNG/CMakeLists.txt">
			<Option virtualFolder="CMake Files\lib\lodePNG\"/>
		</Unit>
	</Project>
</CodeBlocks_project_file>
